
Microsoft Visual Studio Solution File, Format Version 12.00
# Visual Studio Version 17
VisualStudioVersion = 17.8.34525.116
MinimumVisualStudioVersion = 10.0.40219.1
Project("{9A19103F-16F7-4668-BE54-9A1E7A4F7556}") = "Api_Pedidos", "Api_Pedidos\Api_Pedidos.csproj", "{B03C6A5B-6583-4429-9EFE-4DD1A54F037F}"
EndProject
Global
	GlobalSection(SolutionConfigurationPlatforms) = preSolution
		Debug|Any CPU = Debug|Any CPU
		Release|Any CPU = Release|Any CPU
	EndGlobalSection
	GlobalSection(ProjectConfigurationPlatforms) = postSolution
		{B03C6A5B-6583-4429-9EFE-4DD1A54F037F}.Debug|Any CPU.ActiveCfg = Debug|Any CPU
		{B03C6A5B-6583-4429-9EFE-4DD1A54F037F}.Debug|Any CPU.Build.0 = Debug|Any CPU
		{B03C6A5B-6583-4429-9EFE-4DD1A54F037F}.Release|Any CPU.ActiveCfg = Release|Any CPU
		{B03C6A5B-6583-4429-9EFE-4DD1A54F037F}.Release|Any CPU.Build.0 = Release|Any CPU
	EndGlobalSection
	GlobalSection(SolutionProperties) = preSolution
		HideSolutionNode = FALSE
	EndGlobalSection
	GlobalSection(ExtensibilityGlobals) = postSolution
		SolutionGuid = {43DC594B-BFAD-4556-890F-3F764A4B67FB}
	EndGlobalSection
EndGlobal
